
Microsoft Visual Studio Solution File, Format Version 12.00
# Visual Studio Version 17
VisualStudioVersion = 17.7.34221.43
MinimumVisualStudioVersion = 10.0.40219.1
Project("{FAE04EC0-301F-11D3-BF4B-00C04F79EFBC}") = "CourseManagementAPI", "CourseManagementAPI\CourseManagementAPI.csproj", "{7F5FC8A0-96D5-4C1D-A81C-6314A0FC03E6}"
EndProject
Project("{FAE04EC0-301F-11D3-BF4B-00C04F79EFBC}") = "CourseManagement.Data", "CourseManagement.Data\CourseManagement.Data.csproj", "{2AAB899D-85B0-493E-BE8B-CC17AE962171}"
EndProject
Global
	GlobalSection(SolutionConfigurationPlatforms) = preSolution
		Debug|Any CPU = Debug|Any CPU
		Release|Any CPU = Release|Any CPU
	EndGlobalSection
	GlobalSection(ProjectConfigurationPlatforms) = postSolution
		{7F5FC8A0-96D5-4C1D-A81C-6314A0FC03E6}.Debug|Any CPU.ActiveCfg = Debug|Any CPU
		{7F5FC8A0-96D5-4C1D-A81C-6314A0FC03E6}.Debug|Any CPU.Build.0 = Debug|Any CPU
		{7F5FC8A0-96D5-4C1D-A81C-6314A0FC03E6}.Release|Any CPU.ActiveCfg = Release|Any CPU
		{7F5FC8A0-96D5-4C1D-A81C-6314A0FC03E6}.Release|Any CPU.Build.0 = Release|Any CPU
		{2AAB899D-85B0-493E-BE8B-CC17AE962171}.Debug|Any CPU.ActiveCfg = Debug|Any CPU
		{2AAB899D-85B0-493E-BE8B-CC17AE962171}.Debug|Any CPU.Build.0 = Debug|Any CPU
		{2AAB899D-85B0-493E-BE8B-CC17AE962171}.Release|Any CPU.ActiveCfg = Release|Any CPU
		{2AAB899D-85B0-493E-BE8B-CC17AE962171}.Release|Any CPU.Build.0 = Release|Any CPU
	EndGlobalSection
	GlobalSection(SolutionProperties) = preSolution
		HideSolutionNode = FALSE
	EndGlobalSection
	GlobalSection(ExtensibilityGlobals) = postSolution
		SolutionGuid = {5EECFC8F-396E-48E4-9E6C-55C28D63D61A}
	EndGlobalSection
EndGlobal
